	<Project xmlns="http://schemas.microsoft.com/developer/msbuild/2003">
		<PropertyGroup>
			<ProjectGuid>{CE4E2165-86FF-4D34-91C2-0A13F6C106BB}</ProjectGuid>
			<MainSource>raptor.dpr</MainSource>
			<Config Condition="'$(Config)'==''">Debug</Config>
			<DCC_DCCCompiler>DCC32</DCC_DCCCompiler>
			<ProjectVersion>12.0</ProjectVersion>
		</PropertyGroup>
		<PropertyGroup Condition="'$(Config)'=='Base' or '$(Base)'!=''">
			<Base>true</Base>
		</PropertyGroup>
		<PropertyGroup Condition="'$(Config)'=='Release' or '$(Cfg_1)'!=''">
			<Cfg_1>true</Cfg_1>
			<CfgParent>Base</CfgParent>
			<Base>true</Base>
		</PropertyGroup>
		<PropertyGroup Condition="'$(Config)'=='Debug' or '$(Cfg_2)'!=''">
			<Cfg_2>true</Cfg_2>
			<CfgParent>Base</CfgParent>
			<Base>true</Base>
		</PropertyGroup>
		<PropertyGroup Condition="'$(Base)'!=''">
			<DCC_DependencyCheckOutputName>raptor.exe</DCC_DependencyCheckOutputName>
			<DCC_ImageBase>00400000</DCC_ImageBase>
			<DCC_Platform>x86</DCC_Platform>
		</PropertyGroup>
		<PropertyGroup Condition="'$(Cfg_1)'!=''">
			<DCC_LocalDebugSymbols>false</DCC_LocalDebugSymbols>
			<DCC_Define>RELEASE;$(DCC_Define)</DCC_Define>
			<DCC_SymbolReferenceInfo>0</DCC_SymbolReferenceInfo>
			<DCC_DebugInformation>false</DCC_DebugInformation>
		</PropertyGroup>
		<PropertyGroup Condition="'$(Cfg_2)'!=''">
			<DCC_Define>DEBUG;$(DCC_Define)</DCC_Define>
		</PropertyGroup>
		<ItemGroup>
			<DelphiCompile Include="raptor.dpr">
				<MainSource>MainSource</MainSource>
			</DelphiCompile>
			<None Include="raptor.todo"/>
			<DCCReference Include="mainform.pas">
				<Form>frmMain</Form>
			</DCCReference>
			<DCCReference Include="clientform.pas">
				<Form>frmClient</Form>
			</DCCReference>
			<DCCReference Include="globalvalues.pas"/>
			<DCCReference Include="kundeForm.pas">
				<Form>frmKunde</Form>
			</DCCReference>
			<DCCReference Include="kundeValgForm.pas">
				<Form>frmKundeValg</Form>
			</DCCReference>
			<DCCReference Include="produktValgForm.pas">
				<Form>frmVelgProdukt</Form>
			</DCCReference>
			<DCCReference Include="loadForm.pas">
				<Form>frmLoader</Form>
			</DCCReference>
			<DCCReference Include="searchForm.pas">
				<Form>frmSearch</Form>
			</DCCReference>
			<DCCReference Include="xplook.pas"/>
			<DCCReference Include="fakturereForm.pas">
				<Form>frmFakturer</Form>
			</DCCReference>
			<DCCReference Include="fakturaForm.pas">
				<Form>frmFaktura</Form>
			</DCCReference>
			<DCCReference Include="productform.pas">
				<Form>frmProduct</Form>
			</DCCReference>
			<DCCReference Include="leverandorForm.pas">
				<Form>frmLeverandor</Form>
			</DCCReference>
			<DCCReference Include="reportclientForm.pas">
				<Form>frmReportClient</Form>
			</DCCReference>
			<DCCReference Include="fakturareportForm.pas">
				<Form>frmFakturaReport</Form>
			</DCCReference>
			<DCCReference Include="settingsForm.pas">
				<Form>frmSettings</Form>
			</DCCReference>
			<DCCReference Include="data.pas">
				<Form>AppData</Form>
				<DesignClass>TDataModule</DesignClass>
			</DCCReference>
			<DCCReference Include="fakturajournalform.pas">
				<Form>frmFakturaJournal</Form>
			</DCCReference>
			<DCCReference Include="ubetaltreportform.pas">
				<Form>frmFordringJournal</Form>
			</DCCReference>
			<DCCReference Include="kundereportForm.pas">
				<Form>frmKundeReport</Form>
			</DCCReference>
			<DCCReference Include="fakturerAlleForm.pas">
				<Form>frmFakturerAlle</Form>
			</DCCReference>
			<DCCReference Include="kundegruppeform.pas">
				<Form>frmKundeGruppe</Form>
			</DCCReference>
			<DCCReference Include="editpurringerform.pas">
				<Form>frmEditPurringer</Form>
			</DCCReference>
			<DCCReference Include="grupperForm.pas">
				<Form>frmGrupper</Form>
			</DCCReference>
			<DCCReference Include="betaleForm.pas">
				<Form>frmBetale</Form>
			</DCCReference>
			<DCCReference Include="registerForm.pas">
				<Form>frmRegister</Form>
			</DCCReference>
			<DCCReference Include="..\libjl\jlstrparse.pas"/>
			<DCCReference Include="oppdaterForm.pas">
				<Form>frmUpdate</Form>
			</DCCReference>
			<BuildConfiguration Include="Base">
				<Key>Base</Key>
			</BuildConfiguration>
			<BuildConfiguration Include="Debug">
				<Key>Cfg_2</Key>
				<CfgParent>Base</CfgParent>
			</BuildConfiguration>
			<BuildConfiguration Include="Release">
				<Key>Cfg_1</Key>
				<CfgParent>Base</CfgParent>
			</BuildConfiguration>
		</ItemGroup>
		<Import Project="$(BDS)\Bin\CodeGear.Delphi.Targets" Condition="Exists('$(BDS)\Bin\CodeGear.Delphi.Targets')"/>
		<ProjectExtensions>
			<Borland.Personality>Delphi.Personality.12</Borland.Personality>
			<Borland.ProjectType>VCLApplication</Borland.ProjectType>
			<BorlandProject>
				<Delphi.Personality>
					<Source>
						<Source Name="MainSource">raptor.dpr</Source>
					</Source>
					<Parameters>
						<Parameters Name="UseLauncher">False</Parameters>
						<Parameters Name="LoadAllSymbols">True</Parameters>
						<Parameters Name="LoadUnspecifiedSymbols">False</Parameters>
					</Parameters>
					<Language>
						<Language Name="ProjectLang">$00000414</Language>
					</Language>
					<VersionInfo>
						<VersionInfo Name="IncludeVerInfo">True</VersionInfo>
						<VersionInfo Name="AutoIncBuild">False</VersionInfo>
						<VersionInfo Name="MajorVer">1</VersionInfo>
						<VersionInfo Name="MinorVer">0</VersionInfo>
						<VersionInfo Name="Release">0</VersionInfo>
						<VersionInfo Name="Build">0</VersionInfo>
						<VersionInfo Name="Debug">False</VersionInfo>
						<VersionInfo Name="PreRelease">False</VersionInfo>
						<VersionInfo Name="Special">False</VersionInfo>
						<VersionInfo Name="Private">False</VersionInfo>
						<VersionInfo Name="DLL">False</VersionInfo>
						<VersionInfo Name="Locale">1044</VersionInfo>
						<VersionInfo Name="CodePage">1252</VersionInfo>
					</VersionInfo>
					<VersionInfoKeys>
						<VersionInfoKeys Name="CompanyName">JOLEAD MEDIA</VersionInfoKeys>
						<VersionInfoKeys Name="FileDescription">Raptor</VersionInfoKeys>
						<VersionInfoKeys Name="FileVersion">1.0.0.0</VersionInfoKeys>
						<VersionInfoKeys Name="InternalName">Herakles</VersionInfoKeys>
						<VersionInfoKeys Name="LegalCopyright">JOLEAD MEDIA EM</VersionInfoKeys>
						<VersionInfoKeys Name="LegalTrademarks">JOLEAD MEDIA EM</VersionInfoKeys>
						<VersionInfoKeys Name="OriginalFilename">Raptor.Exe</VersionInfoKeys>
						<VersionInfoKeys Name="ProductName">Raptor Faktura</VersionInfoKeys>
						<VersionInfoKeys Name="ProductVersion">1.0.0.0</VersionInfoKeys>
						<VersionInfoKeys Name="Comments">Constructed by Jon Lennart Aasenden</VersionInfoKeys>
					</VersionInfoKeys>
				</Delphi.Personality>
			</BorlandProject>
			<ProjectFileVersion>12</ProjectFileVersion>
		</ProjectExtensions>
	</Project>
